// !$*UTF8*$!
{
	archiveVersion = 1;
	classes = {
	};
	objectVersion = 56;
	objects = {

/* Begin PBXBuildFile section */
		A2BFD8D628FFF7210097A2E0 /* TwitterCloneApp.swift in Sources */ = {isa = PBXBuildFile; fileRef = A2BFD8D528FFF7210097A2E0 /* TwitterCloneApp.swift */; };
		A2BFD8D828FFF7210097A2E0 /* ContentView.swift in Sources */ = {isa = PBXBuildFile; fileRef = A2BFD8D728FFF7210097A2E0 /* ContentView.swift */; };
		A2BFD8DA28FFF7230097A2E0 /* Assets.xcassets in Resources */ = {isa = PBXBuildFile; fileRef = A2BFD8D928FFF7230097A2E0 /* Assets.xcassets */; };
		A2BFD8DD28FFF7230097A2E0 /* Preview Assets.xcassets in Resources */ = {isa = PBXBuildFile; fileRef = A2BFD8DC28FFF7230097A2E0 /* Preview Assets.xcassets */; };
		A2BFD8EC28FFF8BC0097A2E0 /* FeedView.swift in Sources */ = {isa = PBXBuildFile; fileRef = A2BFD8EB28FFF8BB0097A2E0 /* FeedView.swift */; };
		A2BFD8EF28FFF9DE0097A2E0 /* TweetComponent.swift in Sources */ = {isa = PBXBuildFile; fileRef = A2BFD8EE28FFF9DE0097A2E0 /* TweetComponent.swift */; };
		A2BFD8F228FFFFD90097A2E0 /* MainTabView.swift in Sources */ = {isa = PBXBuildFile; fileRef = A2BFD8F128FFFFD90097A2E0 /* MainTabView.swift */; };
		A2BFD8F8290000C10097A2E0 /* ExploreView.swift in Sources */ = {isa = PBXBuildFile; fileRef = A2BFD8F7290000C10097A2E0 /* ExploreView.swift */; };
		A2BFD8FA290000D90097A2E0 /* NotificationView.swift in Sources */ = {isa = PBXBuildFile; fileRef = A2BFD8F9290000D90097A2E0 /* NotificationView.swift */; };
		A2BFD8FC290000E90097A2E0 /* MessageView.swift in Sources */ = {isa = PBXBuildFile; fileRef = A2BFD8FB290000E90097A2E0 /* MessageView.swift */; };
		A2BFD9002900023F0097A2E0 /* ProfileView.swift in Sources */ = {isa = PBXBuildFile; fileRef = A2BFD8FF2900023F0097A2E0 /* ProfileView.swift */; };
/* End PBXBuildFile section */

/* Begin PBXFileReference section */
		A2BFD8D228FFF7210097A2E0 /* TwitterClone.app */ = {isa = PBXFileReference; explicitFileType = wrapper.application; includeInIndex = 0; path = TwitterClone.app; sourceTree = BUILT_PRODUCTS_DIR; };
		A2BFD8D528FFF7210097A2E0 /* TwitterCloneApp.swift */ = {isa = PBXFileReference; lastKnownFileType = sourcecode.swift; path = TwitterCloneApp.swift; sourceTree = "<group>"; };
		A2BFD8D728FFF7210097A2E0 /* ContentView.swift */ = {isa = PBXFileReference; lastKnownFileType = sourcecode.swift; path = ContentView.swift; sourceTree = "<group>"; };
		A2BFD8D928FFF7230097A2E0 /* Assets.xcassets */ = {isa = PBXFileReference; lastKnownFileType = folder.assetcatalog; path = Assets.xcassets; sourceTree = "<group>"; };
		A2BFD8DC28FFF7230097A2E0 /* Preview Assets.xcassets */ = {isa = PBXFileReference; lastKnownFileType = folder.assetcatalog; path = "Preview Assets.xcassets"; sourceTree = "<group>"; };
		A2BFD8EB28FFF8BB0097A2E0 /* FeedView.swift */ = {isa = PBXFileReference; lastKnownFileType = sourcecode.swift; path = FeedView.swift; sourceTree = "<group>"; };
		A2BFD8EE28FFF9DE0097A2E0 /* TweetComponent.swift */ = {isa = PBXFileReference; lastKnownFileType = sourcecode.swift; path = TweetComponent.swift; sourceTree = "<group>"; };
		A2BFD8F128FFFFD90097A2E0 /* MainTabView.swift */ = {isa = PBXFileReference; lastKnownFileType = sourcecode.swift; path = MainTabView.swift; sourceTree = "<group>"; };
		A2BFD8F7290000C10097A2E0 /* ExploreView.swift */ = {isa = PBXFileReference; lastKnownFileType = sourcecode.swift; path = ExploreView.swift; sourceTree = "<group>"; };
		A2BFD8F9290000D90097A2E0 /* NotificationView.swift */ = {isa = PBXFileReference; lastKnownFileType = sourcecode.swift; path = NotificationView.swift; sourceTree = "<group>"; };
		A2BFD8FB290000E90097A2E0 /* MessageView.swift */ = {isa = PBXFileReference; lastKnownFileType = sourcecode.swift; path = MessageView.swift; sourceTree = "<group>"; };
		A2BFD8FF2900023F0097A2E0 /* ProfileView.swift */ = {isa = PBXFileReference; lastKnownFileType = sourcecode.swift; path = ProfileView.swift; sourceTree = "<group>"; };
/* End PBXFileReference section */

/* Begin PBXFrameworksBuildPhase section */
		A2BFD8CF28FFF7210097A2E0 /* Frameworks */ = {
			isa = PBXFrameworksBuildPhase;
			buildActionMask = 2147483647;
			files = (
			);
			runOnlyForDeploymentPostprocessing = 0;
		};
/* End PBXFrameworksBuildPhase section */

/* Begin PBXGroup section */
		A2BFD8C928FFF7200097A2E0 = {
			isa = PBXGroup;
			children = (
				A2BFD8D428FFF7210097A2E0 /* TwitterClone */,
				A2BFD8D328FFF7210097A2E0 /* Products */,
			);
			sourceTree = "<group>";
		};
		A2BFD8D328FFF7210097A2E0 /* Products */ = {
			isa = PBXGroup;
			children = (
				A2BFD8D228FFF7210097A2E0 /* TwitterClone.app */,
			);
			name = Products;
			sourceTree = "<group>";
		};
		A2BFD8D428FFF7210097A2E0 /* TwitterClone */ = {
			isa = PBXGroup;
			children = (
				A2BFD8E628FFF7560097A2E0 /* Model */,
				A2BFD8E528FFF7540097A2E0 /* Service */,
				A2BFD8E428FFF7510097A2E0 /* Core */,
				A2BFD8E328FFF7470097A2E0 /* Extensions */,
				A2BFD8D528FFF7210097A2E0 /* TwitterCloneApp.swift */,
				A2BFD8D728FFF7210097A2E0 /* ContentView.swift */,
				A2BFD8D928FFF7230097A2E0 /* Assets.xcassets */,
				A2BFD8DB28FFF7230097A2E0 /* Preview Content */,
			);
			path = TwitterClone;
			sourceTree = "<group>";
		};
		A2BFD8DB28FFF7230097A2E0 /* Preview Content */ = {
			isa = PBXGroup;
			children = (
				A2BFD8DC28FFF7230097A2E0 /* Preview Assets.xcassets */,
			);
			path = "Preview Content";
			sourceTree = "<group>";
		};
		A2BFD8E328FFF7470097A2E0 /* Extensions */ = {
			isa = PBXGroup;
			children = (
			);
			path = Extensions;
			sourceTree = "<group>";
		};
		A2BFD8E428FFF7510097A2E0 /* Core */ = {
			isa = PBXGroup;
			children = (
				A2BFD8F6290000A20097A2E0 /* Profile */,
				A2BFD8F52900009C0097A2E0 /* Messages */,
				A2BFD8F42900008A0097A2E0 /* Notifications */,
				A2BFD8F3290000820097A2E0 /* Explore */,
				A2BFD8F028FFFFCA0097A2E0 /* MainTab */,
				A2BFD8E828FFF7E40097A2E0 /* Feed */,
				A2BFD8E728FFF7D40097A2E0 /* Components */,
			);
			path = Core;
			sourceTree = "<group>";
		};
		A2BFD8E528FFF7540097A2E0 /* Service */ = {
			isa = PBXGroup;
			children = (
			);
			path = Service;
			sourceTree = "<group>";
		};
		A2BFD8E628FFF7560097A2E0 /* Model */ = {
			isa = PBXGroup;
			children = (
			);
			path = Model;
			sourceTree = "<group>";
		};
		A2BFD8E728FFF7D40097A2E0 /* Components */ = {
			isa = PBXGroup;
			children = (
				A2BFD8ED28FFF9CD0097A2E0 /* Tweet */,
			);
			path = Components;
			sourceTree = "<group>";
		};
		A2BFD8E828FFF7E40097A2E0 /* Feed */ = {
			isa = PBXGroup;
			children = (
				A2BFD8EA28FFF86C0097A2E0 /* View */,
				A2BFD8E928FFF8630097A2E0 /* ViewModel */,
			);
			path = Feed;
			sourceTree = "<group>";
		};
		A2BFD8E928FFF8630097A2E0 /* ViewModel */ = {
			isa = PBXGroup;
			children = (
			);
			path = ViewModel;
			sourceTree = "<group>";
		};
		A2BFD8EA28FFF86C0097A2E0 /* View */ = {
			isa = PBXGroup;
			children = (
				A2BFD8EB28FFF8BB0097A2E0 /* FeedView.swift */,
			);
			path = View;
			sourceTree = "<group>";
		};
		A2BFD8ED28FFF9CD0097A2E0 /* Tweet */ = {
			isa = PBXGroup;
			children = (
				A2BFD8EE28FFF9DE0097A2E0 /* TweetComponent.swift */,
			);
			path = Tweet;
			sourceTree = "<group>";
		};
		A2BFD8F028FFFFCA0097A2E0 /* MainTab */ = {
			isa = PBXGroup;
			children = (
				A2BFD8F128FFFFD90097A2E0 /* MainTabView.swift */,
			);
			path = MainTab;
			sourceTree = "<group>";
		};
		A2BFD8F3290000820097A2E0 /* Explore */ = {
			isa = PBXGroup;
			children = (
				A2BFD8F7290000C10097A2E0 /* ExploreView.swift */,
			);
			path = Explore;
			sourceTree = "<group>";
		};
		A2BFD8F42900008A0097A2E0 /* Notifications */ = {
			isa = PBXGroup;
			children = (
				A2BFD8F9290000D90097A2E0 /* NotificationView.swift */,
			);
			path = Notifications;
			sourceTree = "<group>";
		};
		A2BFD8F52900009C0097A2E0 /* Messages */ = {
			isa = PBXGroup;
			children = (
				A2BFD8FB290000E90097A2E0 /* MessageView.swift */,
			);
			path = Messages;
			sourceTree = "<group>";
		};
		A2BFD8F6290000A20097A2E0 /* Profile */ = {
			isa = PBXGroup;
			children = (
				A2BFD8FE290002310097A2E0 /* View */,
				A2BFD8FD290002290097A2E0 /* ViewModel */,
			);
			path = Profile;
			sourceTree = "<group>";
		};
		A2BFD8FD290002290097A2E0 /* ViewModel */ = {
			isa = PBXGroup;
			children = (
			);
			path = ViewModel;
			sourceTree = "<group>";
		};
		A2BFD8FE290002310097A2E0 /* View */ = {
			isa = PBXGroup;
			children = (
				A2BFD8FF2900023F0097A2E0 /* ProfileView.swift */,
			);
			path = View;
			sourceTree = "<group>";
		};
/* End PBXGroup section */

/* Begin PBXNativeTarget section */
		A2BFD8D128FFF7210097A2E0 /* TwitterClone */ = {
			isa = PBXNativeTarget;
			buildConfigurationList = A2BFD8E028FFF7230097A2E0 /* Build configuration list for PBXNativeTarget "TwitterClone" */;
			buildPhases = (
				A2BFD8CE28FFF7210097A2E0 /* Sources */,
				A2BFD8CF28FFF7210097A2E0 /* Frameworks */,
				A2BFD8D028FFF7210097A2E0 /* Resources */,
			);
			buildRules = (
			);
			dependencies = (
			);
			name = TwitterClone;
			productName = TwitterClone;
			productReference = A2BFD8D228FFF7210097A2E0 /* TwitterClone.app */;
			productType = "com.apple.product-type.application";
		};
/* End PBXNativeTarget section */

/* Begin PBXProject section */
		A2BFD8CA28FFF7200097A2E0 /* Project object */ = {
			isa = PBXProject;
			attributes = {
				BuildIndependentTargetsInParallel = 1;
				LastSwiftUpdateCheck = 1400;
				LastUpgradeCheck = 1400;
				TargetAttributes = {
					A2BFD8D128FFF7210097A2E0 = {
						CreatedOnToolsVersion = 14.0;
					};
				};
			};
			buildConfigurationList = A2BFD8CD28FFF7200097A2E0 /* Build configuration list for PBXProject "TwitterClone" */;
			compatibilityVersion = "Xcode 14.0";
			developmentRegion = en;
			hasScannedForEncodings = 0;
			knownRegions = (
				en,
				Base,
			);
			mainGroup = A2BFD8C928FFF7200097A2E0;
			productRefGroup = A2BFD8D328FFF7210097A2E0 /* Products */;
			projectDirPath = "";
			projectRoot = "";
			targets = (
				A2BFD8D128FFF7210097A2E0 /* TwitterClone */,
			);
		};
/* End PBXProject section */

/* Begin PBXResourcesBuildPhase section */
		A2BFD8D028FFF7210097A2E0 /* Resources */ = {
			isa = PBXResourcesBuildPhase;
			buildActionMask = 2147483647;
			files = (
				A2BFD8DD28FFF7230097A2E0 /* Preview Assets.xcassets in Resources */,
				A2BFD8DA28FFF7230097A2E0 /* Assets.xcassets in Resources */,
			);
			runOnlyForDeploymentPostprocessing = 0;
		};
/* End PBXResourcesBuildPhase section */

/* Begin PBXSourcesBuildPhase section */
		A2BFD8CE28FFF7210097A2E0 /* Sources */ = {
			isa = PBXSourcesBuildPhase;
			buildActionMask = 2147483647;
			files = (
				A2BFD8D828FFF7210097A2E0 /* ContentView.swift in Sources */,
				A2BFD9002900023F0097A2E0 /* ProfileView.swift in Sources */,
				A2BFD8EC28FFF8BC0097A2E0 /* FeedView.swift in Sources */,
				A2BFD8FA290000D90097A2E0 /* NotificationView.swift in Sources */,
				A2BFD8D628FFF7210097A2E0 /* TwitterCloneApp.swift in Sources */,
				A2BFD8FC290000E90097A2E0 /* MessageView.swift in Sources */,
				A2BFD8EF28FFF9DE0097A2E0 /* TweetComponent.swift in Sources */,
				A2BFD8F8290000C10097A2E0 /* ExploreView.swift in Sources */,
				A2BFD8F228FFFFD90097A2E0 /* MainTabView.swift in Sources */,
			);
			runOnlyForDeploymentPostprocessing = 0;
		};
/* End PBXSourcesBuildPhase section */

/* Begin XCBuildConfiguration section */
		A2BFD8DE28FFF7230097A2E0 /* Debug */ = {
			isa = XCBuildConfiguration;
			buildSettings = {
				ALWAYS_SEARCH_USER_PATHS = NO;
				CLANG_ANALYZER_NONNULL = YES;
				CLANG_ANALYZER_NUMBER_OBJECT_CONVERSION = YES_AGGRESSIVE;
				CLANG_CXX_LANGUAGE_STANDARD = "gnu++20";
				CLANG_ENABLE_MODULES = YES;
				CLANG_ENABLE_OBJC_ARC = YES;
				CLANG_ENABLE_OBJC_WEAK = YES;
				CLANG_WARN_BLOCK_CAPTURE_AUTORELEASING = YES;
				CLANG_WARN_BOOL_CONVERSION = YES;
				CLANG_WARN_COMMA = YES;
				CLANG_WARN_CONSTANT_CONVERSION = YES;
				CLANG_WARN_DEPRECATED_OBJC_IMPLEMENTATIONS = YES;
				CLANG_WARN_DIRECT_OBJC_ISA_USAGE = YES_ERROR;
				CLANG_WARN_DOCUMENTATION_COMMENTS = YES;
				CLANG_WARN_EMPTY_BODY = YES;
				CLANG_WARN_ENUM_CONVERSION = YES;
				CLANG_WARN_INFINITE_RECURSION = YES;
				CLANG_WARN_INT_CONVERSION = YES;
				CLANG_WARN_NON_LITERAL_NULL_CONVERSION = YES;
				CLANG_WARN_OBJC_IMPLICIT_RETAIN_SELF = YES;
				CLANG_WARN_OBJC_LITERAL_CONVERSION = YES;
				CLANG_WARN_OBJC_ROOT_CLASS = YES_ERROR;
				CLANG_WARN_QUOTED_INCLUDE_IN_FRAMEWORK_HEADER = YES;
				CLANG_WARN_RANGE_LOOP_ANALYSIS = YES;
				CLANG_WARN_STRICT_PROTOTYPES = YES;
				CLANG_WARN_SUSPICIOUS_MOVE = YES;
				CLANG_WARN_UNGUARDED_AVAILABILITY = YES_AGGRESSIVE;
				CLANG_WARN_UNREACHABLE_CODE = YES;
				CLANG_WARN__DUPLICATE_METHOD_MATCH = YES;
				COPY_PHASE_STRIP = NO;
				DEBUG_INFORMATION_FORMAT = dwarf;
				ENABLE_STRICT_OBJC_MSGSEND = YES;
				ENABLE_TESTABILITY = YES;
				GCC_C_LANGUAGE_STANDARD = gnu11;
				GCC_DYNAMIC_NO_PIC = NO;
				GCC_NO_COMMON_BLOCKS = YES;
				GCC_OPTIMIZATION_LEVEL = 0;
				GCC_PREPROCESSOR_DEFINITIONS = (
					"DEBUG=1",
					"$(inherited)",
				);
				GCC_WARN_64_TO_32_BIT_CONVERSION = YES;
				GCC_WARN_ABOUT_RETURN_TYPE = YES_ERROR;
				GCC_WARN_UNDECLARED_SELECTOR = YES;
				GCC_WARN_UNINITIALIZED_AUTOS = YES_AGGRESSIVE;
				GCC_WARN_UNUSED_FUNCTION = YES;
				GCC_WARN_UNUSED_VARIABLE = YES;
				IPHONEOS_DEPLOYMENT_TARGET = 16.0;
				MTL_ENABLE_DEBUG_INFO = INCLUDE_SOURCE;
				MTL_FAST_MATH = YES;
				ONLY_ACTIVE_ARCH = YES;
				SDKROOT = iphoneos;
				SWIFT_ACTIVE_COMPILATION_CONDITIONS = DEBUG;
				SWIFT_OPTIMIZATION_LEVEL = "-Onone";
			};
			name = Debug;
		};
		A2BFD8DF28FFF7230097A2E0 /* Release */ = {
			isa = XCBuildConfiguration;
			buildSettings = {
				ALWAYS_SEARCH_USER_PATHS = NO;
				CLANG_ANALYZER_NONNULL = YES;
				CLANG_ANALYZER_NUMBER_OBJECT_CONVERSION = YES_AGGRESSIVE;
				CLANG_CXX_LANGUAGE_STANDARD = "gnu++20";
				CLANG_ENABLE_MODULES = YES;
				CLANG_ENABLE_OBJC_ARC = YES;
				CLANG_ENABLE_OBJC_WEAK = YES;
				CLANG_WARN_BLOCK_CAPTURE_AUTORELEASING = YES;
				CLANG_WARN_BOOL_CONVERSION = YES;
				CLANG_WARN_COMMA = YES;
				CLANG_WARN_CONSTANT_CONVERSION = YES;
				CLANG_WARN_DEPRECATED_OBJC_IMPLEMENTATIONS = YES;
				CLANG_WARN_DIRECT_OBJC_ISA_USAGE = YES_ERROR;
				CLANG_WARN_DOCUMENTATION_COMMENTS = YES;
				CLANG_WARN_EMPTY_BODY = YES;
				CLANG_WARN_ENUM_CONVERSION = YES;
				CLANG_WARN_INFINITE_RECURSION = YES;
				CLANG_WARN_INT_CONVERSION = YES;
				CLANG_WARN_NON_LITERAL_NULL_CONVERSION = YES;
				CLANG_WARN_OBJC_IMPLICIT_RETAIN_SELF = YES;
				CLANG_WARN_OBJC_LITERAL_CONVERSION = YES;
				CLANG_WARN_OBJC_ROOT_CLASS = YES_ERROR;
				CLANG_WARN_QUOTED_INCLUDE_IN_FRAMEWORK_HEADER = YES;
				CLANG_WARN_RANGE_LOOP_ANALYSIS = YES;
				CLANG_WARN_STRICT_PROTOTYPES = YES;
				CLANG_WARN_SUSPICIOUS_MOVE = YES;
				CLANG_WARN_UNGUARDED_AVAILABILITY = YES_AGGRESSIVE;
				CLANG_WARN_UNREACHABLE_CODE = YES;
				CLANG_WARN__DUPLICATE_METHOD_MATCH = YES;
				COPY_PHASE_STRIP = NO;
				DEBUG_INFORMATION_FORMAT = "dwarf-with-dsym";
				ENABLE_NS_ASSERTIONS = NO;
				ENABLE_STRICT_OBJC_MSGSEND = YES;
				GCC_C_LANGUAGE_STANDARD = gnu11;
				GCC_NO_COMMON_BLOCKS = YES;
				GCC_WARN_64_TO_32_BIT_CONVERSION = YES;
				GCC_WARN_ABOUT_RETURN_TYPE = YES_ERROR;
				GCC_WARN_UNDECLARED_SELECTOR = YES;
				GCC_WARN_UNINITIALIZED_AUTOS = YES_AGGRESSIVE;
				GCC_WARN_UNUSED_FUNCTION = YES;
				GCC_WARN_UNUSED_VARIABLE = YES;
				IPHONEOS_DEPLOYMENT_TARGET = 16.0;
				MTL_ENABLE_DEBUG_INFO = NO;
				MTL_FAST_MATH = YES;
				SDKROOT = iphoneos;
				SWIFT_COMPILATION_MODE = wholemodule;
				SWIFT_OPTIMIZATION_LEVEL = "-O";
				VALIDATE_PRODUCT = YES;
			};
			name = Release;
		};
		A2BFD8E128FFF7230097A2E0 /* Debug */ = {
			isa = XCBuildConfiguration;
			buildSettings = {
				ASSETCATALOG_COMPILER_APPICON_NAME = AppIcon;
				ASSETCATALOG_COMPILER_GLOBAL_ACCENT_COLOR_NAME = AccentColor;
				CODE_SIGN_STYLE = Automatic;
				CURRENT_PROJECT_VERSION = 1;
				DEVELOPMENT_ASSET_PATHS = "\"TwitterClone/Preview Content\"";
				DEVELOPMENT_TEAM = QDQ4W445CU;
				ENABLE_PREVIEWS = YES;
				GENERATE_INFOPLIST_FILE = YES;
				INFOPLIST_KEY_UIApplicationSceneManifest_Generation = YES;
				INFOPLIST_KEY_UIApplicationSupportsIndirectInputEvents = YES;
				INFOPLIST_KEY_UILaunchScreen_Generation = YES;
				INFOPLIST_KEY_UISupportedInterfaceOrientations_iPad = "UIInterfaceOrientationPortrait UIInterfaceOrientationPortraitUpsideDown UIInterfaceOrientationLandscapeLeft UIInterfaceOrientationLandscapeRight";
				INFOPLIST_KEY_UISupportedInterfaceOrientations_iPhone = "UIInterfaceOrientationPortrait UIInterfaceOrientationLandscapeLeft UIInterfaceOrientationLandscapeRight";
				LD_RUNPATH_SEARCH_PATHS = (
					"$(inherited)",
					"@executable_path/Frameworks",
				);
				MARKETING_VERSION = 1.0;
				PRODUCT_BUNDLE_IDENTIFIER = SpaceColony.TwitterClone;
				PRODUCT_NAME = "$(TARGET_NAME)";
				SWIFT_EMIT_LOC_STRINGS = YES;
				SWIFT_VERSION = 5.0;
				TARGETED_DEVICE_FAMILY = "1,2";
			};
			name = Debug;
		};
		A2BFD8E228FFF7230097A2E0 /* Release */ = {
			isa = XCBuildConfiguration;
			buildSettings = {
				ASSETCATALOG_COMPILER_APPICON_NAME = AppIcon;
				ASSETCATALOG_COMPILER_GLOBAL_ACCENT_COLOR_NAME = AccentColor;
				CODE_SIGN_STYLE = Automatic;
				CURRENT_PROJECT_VERSION = 1;
				DEVELOPMENT_ASSET_PATHS = "\"TwitterClone/Preview Content\"";
				DEVELOPMENT_TEAM = QDQ4W445CU;
				ENABLE_PREVIEWS = YES;
				GENERATE_INFOPLIST_FILE = YES;
				INFOPLIST_KEY_UIApplicationSceneManifest_Generation = YES;
				INFOPLIST_KEY_UIApplicationSupportsIndirectInputEvents = YES;
				INFOPLIST_KEY_UILaunchScreen_Generation = YES;
				INFOPLIST_KEY_UISupportedInterfaceOrientations_iPad = "UIInterfaceOrientationPortrait UIInterfaceOrientationPortraitUpsideDown UIInterfaceOrientationLandscapeLeft UIInterfaceOrientationLandscapeRight";
				INFOPLIST_KEY_UISupportedInterfaceOrientations_iPhone = "UIInterfaceOrientationPortrait UIInterfaceOrientationLandscapeLeft UIInterfaceOrientationLandscapeRight";
				LD_RUNPATH_SEARCH_PATHS = (
					"$(inherited)",
					"@executable_path/Frameworks",
				);
				MARKETING_VERSION = 1.0;
				PRODUCT_BUNDLE_IDENTIFIER = SpaceColony.TwitterClone;
				PRODUCT_NAME = "$(TARGET_NAME)";
				SWIFT_EMIT_LOC_STRINGS = YES;
				SWIFT_VERSION = 5.0;
				TARGETED_DEVICE_FAMILY = "1,2";
			};
			name = Release;
		};
/* End XCBuildConfiguration section */

/* Begin XCConfigurationList section */
		A2BFD8CD28FFF7200097A2E0 /* Build configuration list for PBXProject "TwitterClone" */ = {
			isa = XCConfigurationList;
			buildConfigurations = (
				A2BFD8DE28FFF7230097A2E0 /* Debug */,
				A2BFD8DF28FFF7230097A2E0 /* Release */,
			);
			defaultConfigurationIsVisible = 0;
			defaultConfigurationName = Release;
		};
		A2BFD8E028FFF7230097A2E0 /* Build configuration list for PBXNativeTarget "TwitterClone" */ = {
			isa = XCConfigurationList;
			buildConfigurations = (
				A2BFD8E128FFF7230097A2E0 /* Debug */,
				A2BFD8E228FFF7230097A2E0 /* Release */,
			);
			defaultConfigurationIsVisible = 0;
			defaultConfigurationName = Release;
		};
/* End XCConfigurationList section */
	};
	rootObject = A2BFD8CA28FFF7200097A2E0 /* Project object */;
}
